
Microsoft Visual Studio Solution File, Format Version 12.00
# Visual Studio Version 16
VisualStudioVersion = 16.0.32228.343
MinimumVisualStudioVersion = 10.0.40219.1
Project("{FAE04EC0-301F-11D3-BF4B-00C04F79EFBC}") = "OOP1", "OOP1\OOP1.csproj", "{AE53BCFF-5F97-4E40-B5C8-D9C1E97340DC}"
EndProject
Global
	GlobalSection(SolutionConfigurationPlatforms) = preSolution
		Debug|Any CPU = Debug|Any CPU
		Release|Any CPU = Release|Any CPU
	EndGlobalSection
	GlobalSection(ProjectConfigurationPlatforms) = postSolution
		{AE53BCFF-5F97-4E40-B5C8-D9C1E97340DC}.Debug|Any CPU.ActiveCfg = Debug|Any CPU
		{AE53BCFF-5F97-4E40-B5C8-D9C1E97340DC}.Debug|Any CPU.Build.0 = Debug|Any CPU
		{AE53BCFF-5F97-4E40-B5C8-D9C1E97340DC}.Release|Any CPU.ActiveCfg = Release|Any CPU
		{AE53BCFF-5F97-4E40-B5C8-D9C1E97340DC}.Release|Any CPU.Build.0 = Release|Any CPU
	EndGlobalSection
	GlobalSection(SolutionProperties) = preSolution
		HideSolutionNode = FALSE
	EndGlobalSection
	GlobalSection(ExtensibilityGlobals) = postSolution
		SolutionGuid = {C0634D20-EEE0-48F9-B89C-049D2FCDF539}
	EndGlobalSection
EndGlobal
